# This file is automatically @generated by Cargo.
# It is not intended for manual editing.
version = 4

[[package]]
name = "ahvm-cli"
version = "0.1.0"

[[package]]
name = "ahvm-daemon"
version = "0.1.0"

[[package]]
name = "ahvm-engine"
version = "0.1.0"

[[package]]
name = "ahvm-forge"
version = "0.1.0"

[[package]]
name = "ahvm-netd"
version = "0.1.0"

[[package]]
name = "ahvm-proto"
version = "0.1.0"

[[package]]
name = "ahvm-store"
version = "0.1.0"
